{
  "name": "prefectural-capital-jp",
  "version": "1.0.1",
  "lockfileVersion": 1,
  "requires": true,
  "dependencies": {
    "jp-prefecture": {
      "version": "0.2.1",
      "resolved": "https://registry.npmjs.org/jp-prefecture/-/jp-prefecture-0.2.1.tgz",
      "integrity": "sha1-2+o6fT2balbI/ca1Y3YAQlOBsUQ="
    }
  }
}
